{
  "nodes": {
    "dream2nix": {
      "inputs": {
        "gomod2nix": "gomod2nix",
        "mach-nix": "mach-nix",
        "nix-parsec": "nix-parsec",
        "nixpkgs": [
          "nixpkgs"
        ],
        "node2nix": "node2nix",
        "poetry2nix": "poetry2nix"
      },
      "locked": {
        "narHash": "sha256-G3AoEmAEwY50yxUFdecdouRx+Ybj0l0TLVYdAYdOJiI=",
        "path": "/home/tgunnoe/src/boba/dream2nix",
        "type": "path"
      },
      "original": {
        "path": "/home/tgunnoe/src/boba/dream2nix",
        "type": "path"
      }
    },
    "gomod2nix": {
      "flake": false,
      "locked": {
        "lastModified": 1627572165,
        "narHash": "sha256-MFpwnkvQpauj799b4QTBJQFEddbD02+Ln5k92QyHOSk=",
        "owner": "tweag",
        "repo": "gomod2nix",
        "rev": "67f22dd738d092c6ba88e420350ada0ed4992ae8",
        "type": "github"
      },
      "original": {
        "owner": "tweag",
        "repo": "gomod2nix",
        "type": "github"
      }
    },
    "hardhat-src": {
      "flake": false,
      "locked": {
        "lastModified": 1644967117,
        "narHash": "sha256-oHz9wwkWOsGnW8Y212RkFYJalH2mcLwGcOzm3ynMZMc=",
        "owner": "nomiclabs",
        "repo": "hardhat",
        "rev": "fe54a821d5356ae0a3bf56dea9019bb6306ee01d",
        "type": "github"
      },
      "original": {
        "owner": "nomiclabs",
        "repo": "hardhat",
        "type": "github"
      }
    },
    "mach-nix": {
      "flake": false,
      "locked": {
        "lastModified": 1634711045,
        "narHash": "sha256-m5A2Ty88NChLyFhXucECj6+AuiMZPHXNbw+9Kcs7F6Y=",
        "owner": "DavHau",
        "repo": "mach-nix",
        "rev": "4433f74a97b94b596fa6cd9b9c0402104aceef5d",
        "type": "github"
      },
      "original": {
        "id": "mach-nix",
        "type": "indirect"
      }
    },
    "nix-parsec": {
      "flake": false,
      "locked": {
        "lastModified": 1635533376,
        "narHash": "sha256-/HrG0UPGnI5VdkhrNrpDiM2+nhdL6lD/bqyGtYv0QDE=",
        "owner": "nprindle",
        "repo": "nix-parsec",
        "rev": "1bf25dd9c5de1257a1c67de3c81c96d05e8beb5e",
        "type": "github"
      },
      "original": {
        "owner": "nprindle",
        "repo": "nix-parsec",
        "type": "github"
      }
    },
    "nixpkgs": {
      "locked": {
        "lastModified": 1644837400,
        "narHash": "sha256-treFS89w/xKzeTjJSJdYp/Ceddv6oqq7bL9mZMQDPi0=",
        "owner": "nixos",
        "repo": "nixpkgs",
        "rev": "a03ae0e6d078cfdbb8404c3bff3622bd4e2f1c57",
        "type": "github"
      },
      "original": {
        "owner": "nixos",
        "ref": "nixos-21.11",
        "repo": "nixpkgs",
        "type": "github"
      }
    },
    "node2nix": {
      "flake": false,
      "locked": {
        "lastModified": 1634916276,
        "narHash": "sha256-lov2b/8ydYjq+MhKQugmWV2lFnq35AU5RTRBTfLq7B4=",
        "owner": "svanderburg",
        "repo": "node2nix",
        "rev": "644e90c0304038a446ed53efc97e9eb1e2831e71",
        "type": "github"
      },
      "original": {
        "owner": "svanderburg",
        "repo": "node2nix",
        "type": "github"
      }
    },
    "poetry2nix": {
      "flake": false,
      "locked": {
        "lastModified": 1632969109,
        "narHash": "sha256-jPDclkkiAy5m2gGLBlKgH+lQtbF7tL4XxBrbSzw+Ioc=",
        "owner": "nix-community",
        "repo": "poetry2nix",
        "rev": "aee8f04296c39d88155e05d25cfc59dfdd41cc77",
        "type": "github"
      },
      "original": {
        "owner": "nix-community",
        "ref": "1.21.0",
        "repo": "poetry2nix",
        "type": "github"
      }
    },
    "root": {
      "inputs": {
        "dream2nix": "dream2nix",
        "hardhat-src": "hardhat-src",
        "nixpkgs": "nixpkgs"
      }
    }
  },
  "root": "root",
  "version": 7
}
